
Microsoft Visual Studio Solution File, Format Version 12.00
# Visual Studio Version 17
VisualStudioVersion = 17.7.34221.43
MinimumVisualStudioVersion = 10.0.40219.1
Project("{FAE04EC0-301F-11D3-BF4B-00C04F79EFBC}") = "2", "2\2.csproj", "{868E8866-D8F6-4E8E-91A1-B032519EFEE4}"
EndProject
Global
	GlobalSection(SolutionConfigurationPlatforms) = preSolution
		Debug|Any CPU = Debug|Any CPU
		Release|Any CPU = Release|Any CPU
	EndGlobalSection
	GlobalSection(ProjectConfigurationPlatforms) = postSolution
		{868E8866-D8F6-4E8E-91A1-B032519EFEE4}.Debug|Any CPU.ActiveCfg = Debug|Any CPU
		{868E8866-D8F6-4E8E-91A1-B032519EFEE4}.Debug|Any CPU.Build.0 = Debug|Any CPU
		{868E8866-D8F6-4E8E-91A1-B032519EFEE4}.Release|Any CPU.ActiveCfg = Release|Any CPU
		{868E8866-D8F6-4E8E-91A1-B032519EFEE4}.Release|Any CPU.Build.0 = Release|Any CPU
	EndGlobalSection
	GlobalSection(SolutionProperties) = preSolution
		HideSolutionNode = FALSE
	EndGlobalSection
	GlobalSection(ExtensibilityGlobals) = postSolution
		SolutionGuid = {2734A6C1-FE54-4789-962D-CDC99A96DAB9}
	EndGlobalSection
EndGlobal
